Microsoft Visual Studio Solution File, Format Version 11.00
# Visual Studio 2010
Project("{FAE04EC0-301F-11D3-BF4B-00C04F79EFBC}") = "Assembly-CSharp", "Assembly-CSharp.csproj", "{E0C01220-1D1A-839D-F6A4-AF606B67FB6E}"
EndProject
Project("{FAE04EC0-301F-11D3-BF4B-00C04F79EFBC}") = "Assembly-CSharp-firstpass", "Assembly-CSharp-firstpass.csproj", "{C72D3A8F-6C92-A2FC-5056-9237B1DE052D}"
EndProject
Project("{FAE04EC0-301F-11D3-BF4B-00C04F79EFBC}") = "Assembly-CSharp-Editor", "Assembly-CSharp-Editor.csproj", "{7884AF88-FE35-5C7E-6812-520B5F65CBA3}"
EndProject
Global
	GlobalSection(SolutionConfigurationPlatforms) = preSolution
		Debug|Any CPU = Debug|Any CPU
		Release|Any CPU = Release|Any CPU
	EndGlobalSection
	GlobalSection(ProjectConfigurationPlatforms) = postSolution
		{E0C01220-1D1A-839D-F6A4-AF606B67FB6E}.Debug|Any CPU.ActiveCfg = Debug|Any CPU
		{E0C01220-1D1A-839D-F6A4-AF606B67FB6E}.Debug|Any CPU.Build.0 = Debug|Any CPU
		{E0C01220-1D1A-839D-F6A4-AF606B67FB6E}.Release|Any CPU.ActiveCfg = Release|Any CPU
		{E0C01220-1D1A-839D-F6A4-AF606B67FB6E}.Release|Any CPU.Build.0 = Release|Any CPU
		{C72D3A8F-6C92-A2FC-5056-9237B1DE052D}.Debug|Any CPU.ActiveCfg = Debug|Any CPU
		{C72D3A8F-6C92-A2FC-5056-9237B1DE052D}.Debug|Any CPU.Build.0 = Debug|Any CPU
		{C72D3A8F-6C92-A2FC-5056-9237B1DE052D}.Release|Any CPU.ActiveCfg = Release|Any CPU
		{C72D3A8F-6C92-A2FC-5056-9237B1DE052D}.Release|Any CPU.Build.0 = Release|Any CPU
		{7884AF88-FE35-5C7E-6812-520B5F65CBA3}.Debug|Any CPU.ActiveCfg = Debug|Any CPU
		{7884AF88-FE35-5C7E-6812-520B5F65CBA3}.Debug|Any CPU.Build.0 = Debug|Any CPU
		{7884AF88-FE35-5C7E-6812-520B5F65CBA3}.Release|Any CPU.ActiveCfg = Release|Any CPU
		{7884AF88-FE35-5C7E-6812-520B5F65CBA3}.Release|Any CPU.Build.0 = Release|Any CPU
	EndGlobalSection
	GlobalSection(SolutionProperties) = preSolution
		HideSolutionNode = FALSE
	EndGlobalSection
	GlobalSection(MonoDevelopProperties) = preSolution
		StartupItem = Assembly-CSharp.csproj
	EndGlobalSection
EndGlobal
