Microsoft Visual Studio Solution File, Format Version 11.00
# Visual Studio 2010
Project("{FAE04EC0-301F-11D3-BF4B-00C04F79EFBC}") = "Assembly-CSharp", "Assembly-CSharp.csproj", "{E292764C-1AA8-3F87-96E0-D7B0DD149F1D}"
EndProject
Project("{FAE04EC0-301F-11D3-BF4B-00C04F79EFBC}") = "Assembly-CSharp-firstpass", "Assembly-CSharp-firstpass.csproj", "{D7E8EEAE-FBA2-C67F-051D-F15B6C78A5D4}"
EndProject
Project("{FAE04EC0-301F-11D3-BF4B-00C04F79EFBC}") = "Assembly-CSharp-Editor", "Assembly-CSharp-Editor.csproj", "{DD409AB7-6470-ACAB-92A5-7A8DC7494806}"
EndProject
Global
	GlobalSection(SolutionConfigurationPlatforms) = preSolution
		Debug|Any CPU = Debug|Any CPU
		Release|Any CPU = Release|Any CPU
	EndGlobalSection
	GlobalSection(ProjectConfigurationPlatforms) = postSolution
		{E292764C-1AA8-3F87-96E0-D7B0DD149F1D}.Debug|Any CPU.ActiveCfg = Debug|Any CPU
		{E292764C-1AA8-3F87-96E0-D7B0DD149F1D}.Debug|Any CPU.Build.0 = Debug|Any CPU
		{E292764C-1AA8-3F87-96E0-D7B0DD149F1D}.Release|Any CPU.ActiveCfg = Release|Any CPU
		{E292764C-1AA8-3F87-96E0-D7B0DD149F1D}.Release|Any CPU.Build.0 = Release|Any CPU
		{D7E8EEAE-FBA2-C67F-051D-F15B6C78A5D4}.Debug|Any CPU.ActiveCfg = Debug|Any CPU
		{D7E8EEAE-FBA2-C67F-051D-F15B6C78A5D4}.Debug|Any CPU.Build.0 = Debug|Any CPU
		{D7E8EEAE-FBA2-C67F-051D-F15B6C78A5D4}.Release|Any CPU.ActiveCfg = Release|Any CPU
		{D7E8EEAE-FBA2-C67F-051D-F15B6C78A5D4}.Release|Any CPU.Build.0 = Release|Any CPU
		{DD409AB7-6470-ACAB-92A5-7A8DC7494806}.Debug|Any CPU.ActiveCfg = Debug|Any CPU
		{DD409AB7-6470-ACAB-92A5-7A8DC7494806}.Debug|Any CPU.Build.0 = Debug|Any CPU
		{DD409AB7-6470-ACAB-92A5-7A8DC7494806}.Release|Any CPU.ActiveCfg = Release|Any CPU
		{DD409AB7-6470-ACAB-92A5-7A8DC7494806}.Release|Any CPU.Build.0 = Release|Any CPU
	EndGlobalSection
	GlobalSection(SolutionProperties) = preSolution
		HideSolutionNode = FALSE
	EndGlobalSection
	GlobalSection(MonoDevelopProperties) = preSolution
		StartupItem = Assembly-CSharp.csproj
	EndGlobalSection
EndGlobal
