Microsoft Visual Studio Solution File, Format Version 11.00
# Visual Studio 2010
Project("{FAE04EC0-301F-11D3-BF4B-00C04F79EFBC}") = "Assembly-CSharp", "Assembly-CSharp.csproj", "{4BC5A8C3-9908-089C-16FD-3D28E9B308C3}"
EndProject
Project("{FAE04EC0-301F-11D3-BF4B-00C04F79EFBC}") = "Assembly-CSharp-firstpass", "Assembly-CSharp-firstpass.csproj", "{D1D6B31C-BB52-9ADD-A31C-B2D0D74F4F6E}"
EndProject
Project("{FAE04EC0-301F-11D3-BF4B-00C04F79EFBC}") = "Assembly-CSharp-Editor", "Assembly-CSharp-Editor.csproj", "{C69A3ADB-91B7-578A-373C-4EB139DE7D74}"
EndProject
Global
	GlobalSection(SolutionConfigurationPlatforms) = preSolution
		Debug|Any CPU = Debug|Any CPU
		Release|Any CPU = Release|Any CPU
	EndGlobalSection
	GlobalSection(ProjectConfigurationPlatforms) = postSolution
		{4BC5A8C3-9908-089C-16FD-3D28E9B308C3}.Debug|Any CPU.ActiveCfg = Debug|Any CPU
		{4BC5A8C3-9908-089C-16FD-3D28E9B308C3}.Debug|Any CPU.Build.0 = Debug|Any CPU
		{4BC5A8C3-9908-089C-16FD-3D28E9B308C3}.Release|Any CPU.ActiveCfg = Release|Any CPU
		{4BC5A8C3-9908-089C-16FD-3D28E9B308C3}.Release|Any CPU.Build.0 = Release|Any CPU
		{D1D6B31C-BB52-9ADD-A31C-B2D0D74F4F6E}.Debug|Any CPU.ActiveCfg = Debug|Any CPU
		{D1D6B31C-BB52-9ADD-A31C-B2D0D74F4F6E}.Debug|Any CPU.Build.0 = Debug|Any CPU
		{D1D6B31C-BB52-9ADD-A31C-B2D0D74F4F6E}.Release|Any CPU.ActiveCfg = Release|Any CPU
		{D1D6B31C-BB52-9ADD-A31C-B2D0D74F4F6E}.Release|Any CPU.Build.0 = Release|Any CPU
		{C69A3ADB-91B7-578A-373C-4EB139DE7D74}.Debug|Any CPU.ActiveCfg = Debug|Any CPU
		{C69A3ADB-91B7-578A-373C-4EB139DE7D74}.Debug|Any CPU.Build.0 = Debug|Any CPU
		{C69A3ADB-91B7-578A-373C-4EB139DE7D74}.Release|Any CPU.ActiveCfg = Release|Any CPU
		{C69A3ADB-91B7-578A-373C-4EB139DE7D74}.Release|Any CPU.Build.0 = Release|Any CPU
	EndGlobalSection
	GlobalSection(SolutionProperties) = preSolution
		HideSolutionNode = FALSE
	EndGlobalSection
	GlobalSection(MonoDevelopProperties) = preSolution
		StartupItem = Assembly-CSharp.csproj
	EndGlobalSection
EndGlobal
